{
  "name": "group_assignment",
  "lockfileVersion": 3,
  "requires": true,
  "packages": {
    "": {
      "dependencies": {
        "geolocator": "^2.1.5"
      }
    },
    "node_modules/geolocator": {
      "version": "2.1.5",
      "resolved": "https://registry.npmjs.org/geolocator/-/geolocator-2.1.5.tgz",
      "integrity": "sha512-8iwVj5e5hri5cI0qYBDV1/y9GoazcxxW1/etx5qBxq7GZ1+emsmg26CLeNG32jPWSoDphug45IlBMX3IPrC7MA==",
      "license": "MIT"
    }
  }
}
